{
  "name": "ai",
  "lockfileVersion": 3,
  "requires": true,
  "packages": {
    "": {
      "dependencies": {
        "sockets": "^0.4.2",
        "web": "^0.0.2",
        "websockets": "^0.2.0"
      }
    },
    "node_modules/sockets": {
      "version": "0.4.2",
      "resolved": "https://registry.npmjs.org/sockets/-/sockets-0.4.2.tgz",
      "integrity": "sha512-x9hziIDq7xPeB5t3Ei2BWSTBpwjZnhyWbEWpYCJbyoIOvB/QW3qgTAyPmU4Mg2zzCdn4WqQiK3cZSF9zUTpWAQ=="
    },
    "node_modules/web": {
      "version": "0.0.2",
      "resolved": "https://registry.npmjs.org/web/-/web-0.0.2.tgz",
      "integrity": "sha512-DDf86rBor7Hn4uRgXbCxcOKyP8aiokvkd648k/xjKUO4hQSLvupfDC3dHCBXQ4lJFxYW62/CEWpSINbSQRr57A==",
      "license": "MIT"
    },
    "node_modules/websockets": {
      "version": "0.2.0",
      "resolved": "https://registry.npmjs.org/websockets/-/websockets-0.2.0.tgz",
      "integrity": "sha512-GjhUvj0PfZMpsRI7BdyyM7wsaGDkDd3uMrFThWNyb3lQy8BxmLWxtE22W7pQpI7z703xht8j1fqVOjRkZIulUw==",
      "engines": {
        "node": ">=0.4.10"
      }
    }
  }
}
